
Microsoft Visual Studio Solution File, Format Version 12.00
# Visual Studio Version 17
VisualStudioVersion = 17.0.31808.319
MinimumVisualStudioVersion = 10.0.40219.1
Project("{FAE04EC0-301F-11D3-BF4B-00C04F79EFBC}") = "SharpChat", "SharpChat\SharpChat.csproj", "{0BF09725-4514-48DB-858D-3DA516146CE0}"
EndProject
Project("{FAE04EC0-301F-11D3-BF4B-00C04F79EFBC}") = "SharpChatClient", "SharpChatClient\SharpChatClient.csproj", "{31EAA9CC-A237-4142-A15D-F3F49ACD6E2C}"
EndProject
Global
	GlobalSection(SolutionConfigurationPlatforms) = preSolution
		Debug|Any CPU = Debug|Any CPU
		Release|Any CPU = Release|Any CPU
	EndGlobalSection
	GlobalSection(ProjectConfigurationPlatforms) = postSolution
		{0BF09725-4514-48DB-858D-3DA516146CE0}.Debug|Any CPU.ActiveCfg = Debug|Any CPU
		{0BF09725-4514-48DB-858D-3DA516146CE0}.Debug|Any CPU.Build.0 = Debug|Any CPU
		{0BF09725-4514-48DB-858D-3DA516146CE0}.Release|Any CPU.ActiveCfg = Release|Any CPU
		{0BF09725-4514-48DB-858D-3DA516146CE0}.Release|Any CPU.Build.0 = Release|Any CPU
		{31EAA9CC-A237-4142-A15D-F3F49ACD6E2C}.Debug|Any CPU.ActiveCfg = Debug|Any CPU
		{31EAA9CC-A237-4142-A15D-F3F49ACD6E2C}.Debug|Any CPU.Build.0 = Debug|Any CPU
		{31EAA9CC-A237-4142-A15D-F3F49ACD6E2C}.Release|Any CPU.ActiveCfg = Release|Any CPU
		{31EAA9CC-A237-4142-A15D-F3F49ACD6E2C}.Release|Any CPU.Build.0 = Release|Any CPU
	EndGlobalSection
	GlobalSection(SolutionProperties) = preSolution
		HideSolutionNode = FALSE
	EndGlobalSection
	GlobalSection(ExtensibilityGlobals) = postSolution
		SolutionGuid = {5973D336-A138-4198-8E9F-E4D8DF8A298D}
	EndGlobalSection
EndGlobal
